// !$*UTF8*$!
{
	archiveVersion = 1;
	classes = {
	};
	objectVersion = 50;
	objects = {

/* Begin PBXBuildFile section */
		890624E12480939F002EF508 /* AppDelegate.swift in Sources */ = {isa = PBXBuildFile; fileRef = 890624E02480939F002EF508 /* AppDelegate.swift */; };
		890624E32480939F002EF508 /* SceneDelegate.swift in Sources */ = {isa = PBXBuildFile; fileRef = 890624E22480939F002EF508 /* SceneDelegate.swift */; };
		890624E52480939F002EF508 /* ViewController.swift in Sources */ = {isa = PBXBuildFile; fileRef = 890624E42480939F002EF508 /* ViewController.swift */; };
		890624E82480939F002EF508 /* Main.storyboard in Resources */ = {isa = PBXBuildFile; fileRef = 890624E62480939F002EF508 /* Main.storyboard */; };
		890624EA248093A0002EF508 /* Assets.xcassets in Resources */ = {isa = PBXBuildFile; fileRef = 890624E9248093A0002EF508 /* Assets.xcassets */; };
		890624ED248093A0002EF508 /* LaunchScreen.storyboard in Resources */ = {isa = PBXBuildFile; fileRef = 890624EB248093A0002EF508 /* LaunchScreen.storyboard */; };
		890624F8248093A0002EF508 /* IOS_testTests.swift in Sources */ = {isa = PBXBuildFile; fileRef = 890624F7248093A0002EF508 /* IOS_testTests.swift */; };
		89062503248093A0002EF508 /* IOS_testUITests.swift in Sources */ = {isa = PBXBuildFile; fileRef = 89062502248093A0002EF508 /* IOS_testUITests.swift */; };
/* End PBXBuildFile section */

/* Begin PBXContainerItemProxy section */
		890624F4248093A0002EF508 /* PBXContainerItemProxy */ = {
			isa = PBXContainerItemProxy;
			containerPortal = 890624D52480939F002EF508 /* Project object */;
			proxyType = 1;
			remoteGlobalIDString = 890624DC2480939F002EF508;
			remoteInfo = IOS_test;
		};
		890624FF248093A0002EF508 /* PBXContainerItemProxy */ = {
			isa = PBXContainerItemProxy;
			containerPortal = 890624D52480939F002EF508 /* Project object */;
			proxyType = 1;
			remoteGlobalIDString = 890624DC2480939F002EF508;
			remoteInfo = IOS_test;
		};
/* End PBXContainerItemProxy section */

/* Begin PBXFileReference section */
		890624DD2480939F002EF508 /* IOS_test.app */ = {isa = PBXFileReference; explicitFileType = wrapper.application; includeInIndex = 0; path = IOS_test.app; sourceTree = BUILT_PRODUCTS_DIR; };
		890624E02480939F002EF508 /* AppDelegate.swift */ = {isa = PBXFileReference; lastKnownFileType = sourcecode.swift; path = AppDelegate.swift; sourceTree = "<group>"; };
		890624E22480939F002EF508 /* SceneDelegate.swift */ = {isa = PBXFileReference; lastKnownFileType = sourcecode.swift; path = SceneDelegate.swift; sourceTree = "<group>"; };
		890624E42480939F002EF508 /* ViewController.swift */ = {isa = PBXFileReference; lastKnownFileType = sourcecode.swift; path = ViewController.swift; sourceTree = "<group>"; };
		890624E72480939F002EF508 /* Base */ = {isa = PBXFileReference; lastKnownFileType = file.storyboard; name = Base; path = Base.lproj/Main.storyboard; sourceTree = "<group>"; };
		890624E9248093A0002EF508 /* Assets.xcassets */ = {isa = PBXFileReference; lastKnownFileType = folder.assetcatalog; path = Assets.xcassets; sourceTree = "<group>"; };
		890624EC248093A0002EF508 /* Base */ = {isa = PBXFileReference; lastKnownFileType = file.storyboard; name = Base; path = Base.lproj/LaunchScreen.storyboard; sourceTree = "<group>"; };
		890624EE248093A0002EF508 /* Info.plist */ = {isa = PBXFileReference; lastKnownFileType = text.plist.xml; path = Info.plist; sourceTree = "<group>"; };
		890624F3248093A0002EF508 /* IOS_testTests.xctest */ = {isa = PBXFileReference; explicitFileType = wrapper.cfbundle; includeInIndex = 0; path = IOS_testTests.xctest; sourceTree = BUILT_PRODUCTS_DIR; };
		890624F7248093A0002EF508 /* IOS_testTests.swift */ = {isa = PBXFileReference; lastKnownFileType = sourcecode.swift; path = IOS_testTests.swift; sourceTree = "<group>"; };
		890624F9248093A0002EF508 /* Info.plist */ = {isa = PBXFileReference; lastKnownFileType = text.plist.xml; path = Info.plist; sourceTree = "<group>"; };
		890624FE248093A0002EF508 /* IOS_testUITests.xctest */ = {isa = PBXFileReference; explicitFileType = wrapper.cfbundle; includeInIndex = 0; path = IOS_testUITests.xctest; sourceTree = BUILT_PRODUCTS_DIR; };
		89062502248093A0002EF508 /* IOS_testUITests.swift */ = {isa = PBXFileReference; lastKnownFileType = sourcecode.swift; path = IOS_testUITests.swift; sourceTree = "<group>"; };
		89062504248093A0002EF508 /* Info.plist */ = {isa = PBXFileReference; lastKnownFileType = text.plist.xml; path = Info.plist; sourceTree = "<group>"; };
/* End PBXFileReference section */

/* Begin PBXFrameworksBuildPhase section */
		890624DA2480939F002EF508 /* Frameworks */ = {
			isa = PBXFrameworksBuildPhase;
			buildActionMask = 2147483647;
			files = (
			);
			runOnlyForDeploymentPostprocessing = 0;
		};
		890624F0248093A0002EF508 /* Frameworks */ = {
			isa = PBXFrameworksBuildPhase;
			buildActionMask = 2147483647;
			files = (
			);
			runOnlyForDeploymentPostprocessing = 0;
		};
		890624FB248093A0002EF508 /* Frameworks */ = {
			isa = PBXFrameworksBuildPhase;
			buildActionMask = 2147483647;
			files = (
			);
			runOnlyForDeploymentPostprocessing = 0;
		};
/* End PBXFrameworksBuildPhase section */

/* Begin PBXGroup section */
		890624D42480939F002EF508 = {
			isa = PBXGroup;
			children = (
				890624DF2480939F002EF508 /* IOS_test */,
				890624F6248093A0002EF508 /* IOS_testTests */,
				89062501248093A0002EF508 /* IOS_testUITests */,
				890624DE2480939F002EF508 /* Products */,
			);
			sourceTree = "<group>";
		};
		890624DE2480939F002EF508 /* Products */ = {
			isa = PBXGroup;
			children = (
				890624DD2480939F002EF508 /* IOS_test.app */,
				890624F3248093A0002EF508 /* IOS_testTests.xctest */,
				890624FE248093A0002EF508 /* IOS_testUITests.xctest */,
			);
			name = Products;
			sourceTree = "<group>";
		};
		890624DF2480939F002EF508 /* IOS_test */ = {
			isa = PBXGroup;
			children = (
				890624E02480939F002EF508 /* AppDelegate.swift */,
				890624E22480939F002EF508 /* SceneDelegate.swift */,
				890624E42480939F002EF508 /* ViewController.swift */,
				890624E62480939F002EF508 /* Main.storyboard */,
				890624E9248093A0002EF508 /* Assets.xcassets */,
				890624EB248093A0002EF508 /* LaunchScreen.storyboard */,
				890624EE248093A0002EF508 /* Info.plist */,
			);
			path = IOS_test;
			sourceTree = "<group>";
		};
		890624F6248093A0002EF508 /* IOS_testTests */ = {
			isa = PBXGroup;
			children = (
				890624F7248093A0002EF508 /* IOS_testTests.swift */,
				890624F9248093A0002EF508 /* Info.plist */,
			);
			path = IOS_testTests;
			sourceTree = "<group>";
		};
		89062501248093A0002EF508 /* IOS_testUITests */ = {
			isa = PBXGroup;
			children = (
				89062502248093A0002EF508 /* IOS_testUITests.swift */,
				89062504248093A0002EF508 /* Info.plist */,
			);
			path = IOS_testUITests;
			sourceTree = "<group>";
		};
/* End PBXGroup section */

/* Begin PBXNativeTarget section */
		890624DC2480939F002EF508 /* IOS_test */ = {
			isa = PBXNativeTarget;
			buildConfigurationList = 89062507248093A0002EF508 /* Build configuration list for PBXNativeTarget "IOS_test" */;
			buildPhases = (
				890624D92480939F002EF508 /* Sources */,
				890624DA2480939F002EF508 /* Frameworks */,
				890624DB2480939F002EF508 /* Resources */,
			);
			buildRules = (
			);
			dependencies = (
			);
			name = IOS_test;
			productName = IOS_test;
			productReference = 890624DD2480939F002EF508 /* IOS_test.app */;
			productType = "com.apple.product-type.application";
		};
		890624F2248093A0002EF508 /* IOS_testTests */ = {
			isa = PBXNativeTarget;
			buildConfigurationList = 8906250A248093A0002EF508 /* Build configuration list for PBXNativeTarget "IOS_testTests" */;
			buildPhases = (
				890624EF248093A0002EF508 /* Sources */,
				890624F0248093A0002EF508 /* Frameworks */,
				890624F1248093A0002EF508 /* Resources */,
			);
			buildRules = (
			);
			dependencies = (
				890624F5248093A0002EF508 /* PBXTargetDependency */,
			);
			name = IOS_testTests;
			productName = IOS_testTests;
			productReference = 890624F3248093A0002EF508 /* IOS_testTests.xctest */;
			productType = "com.apple.product-type.bundle.unit-test";
		};
		890624FD248093A0002EF508 /* IOS_testUITests */ = {
			isa = PBXNativeTarget;
			buildConfigurationList = 8906250D248093A0002EF508 /* Build configuration list for PBXNativeTarget "IOS_testUITests" */;
			buildPhases = (
				890624FA248093A0002EF508 /* Sources */,
				890624FB248093A0002EF508 /* Frameworks */,
				890624FC248093A0002EF508 /* Resources */,
			);
			buildRules = (
			);
			dependencies = (
				89062500248093A0002EF508 /* PBXTargetDependency */,
			);
			name = IOS_testUITests;
			productName = IOS_testUITests;
			productReference = 890624FE248093A0002EF508 /* IOS_testUITests.xctest */;
			productType = "com.apple.product-type.bundle.ui-testing";
		};
/* End PBXNativeTarget section */

/* Begin PBXProject section */
		890624D52480939F002EF508 /* Project object */ = {
			isa = PBXProject;
			attributes = {
				LastSwiftUpdateCheck = 1150;
				LastUpgradeCheck = 1150;
				ORGANIZATIONNAME = gin;
				TargetAttributes = {
					890624DC2480939F002EF508 = {
						CreatedOnToolsVersion = 11.5;
					};
					890624F2248093A0002EF508 = {
						CreatedOnToolsVersion = 11.5;
						TestTargetID = 890624DC2480939F002EF508;
					};
					890624FD248093A0002EF508 = {
						CreatedOnToolsVersion = 11.5;
						TestTargetID = 890624DC2480939F002EF508;
					};
				};
			};
			buildConfigurationList = 890624D82480939F002EF508 /* Build configuration list for PBXProject "IOS_test" */;
			compatibilityVersion = "Xcode 9.3";
			developmentRegion = en;
			hasScannedForEncodings = 0;
			knownRegions = (
				en,
				Base,
			);
			mainGroup = 890624D42480939F002EF508;
			productRefGroup = 890624DE2480939F002EF508 /* Products */;
			projectDirPath = "";
			projectRoot = "";
			targets = (
				890624DC2480939F002EF508 /* IOS_test */,
				890624F2248093A0002EF508 /* IOS_testTests */,
				890624FD248093A0002EF508 /* IOS_testUITests */,
			);
		};
/* End PBXProject section */

/* Begin PBXResourcesBuildPhase section */
		890624DB2480939F002EF508 /* Resources */ = {
			isa = PBXResourcesBuildPhase;
			buildActionMask = 2147483647;
			files = (
				890624ED248093A0002EF508 /* LaunchScreen.storyboard in Resources */,
				890624EA248093A0002EF508 /* Assets.xcassets in Resources */,
				890624E82480939F002EF508 /* Main.storyboard in Resources */,
			);
			runOnlyForDeploymentPostprocessing = 0;
		};
		890624F1248093A0002EF508 /* Resources */ = {
			isa = PBXResourcesBuildPhase;
			buildActionMask = 2147483647;
			files = (
			);
			runOnlyForDeploymentPostprocessing = 0;
		};
		890624FC248093A0002EF508 /* Resources */ = {
			isa = PBXResourcesBuildPhase;
			buildActionMask = 2147483647;
			files = (
			);
			runOnlyForDeploymentPostprocessing = 0;
		};
/* End PBXResourcesBuildPhase section */

/* Begin PBXSourcesBuildPhase section */
		890624D92480939F002EF508 /* Sources */ = {
			isa = PBXSourcesBuildPhase;
			buildActionMask = 2147483647;
			files = (
				890624E52480939F002EF508 /* ViewController.swift in Sources */,
				890624E12480939F002EF508 /* AppDelegate.swift in Sources */,
				890624E32480939F002EF508 /* SceneDelegate.swift in Sources */,
			);
			runOnlyForDeploymentPostprocessing = 0;
		};
		890624EF248093A0002EF508 /* Sources */ = {
			isa = PBXSourcesBuildPhase;
			buildActionMask = 2147483647;
			files = (
				890624F8248093A0002EF508 /* IOS_testTests.swift in Sources */,
			);
			runOnlyForDeploymentPostprocessing = 0;
		};
		890624FA248093A0002EF508 /* Sources */ = {
			isa = PBXSourcesBuildPhase;
			buildActionMask = 2147483647;
			files = (
				89062503248093A0002EF508 /* IOS_testUITests.swift in Sources */,
			);
			runOnlyForDeploymentPostprocessing = 0;
		};
/* End PBXSourcesBuildPhase section */

/* Begin PBXTargetDependency section */
		890624F5248093A0002EF508 /* PBXTargetDependency */ = {
			isa = PBXTargetDependency;
			target = 890624DC2480939F002EF508 /* IOS_test */;
			targetProxy = 890624F4248093A0002EF508 /* PBXContainerItemProxy */;
		};
		89062500248093A0002EF508 /* PBXTargetDependency */ = {
			isa = PBXTargetDependency;
			target = 890624DC2480939F002EF508 /* IOS_test */;
			targetProxy = 890624FF248093A0002EF508 /* PBXContainerItemProxy */;
		};
/* End PBXTargetDependency section */

/* Begin PBXVariantGroup section */
		890624E62480939F002EF508 /* Main.storyboard */ = {
			isa = PBXVariantGroup;
			children = (
				890624E72480939F002EF508 /* Base */,
			);
			name = Main.storyboard;
			sourceTree = "<group>";
		};
		890624EB248093A0002EF508 /* LaunchScreen.storyboard */ = {
			isa = PBXVariantGroup;
			children = (
				890624EC248093A0002EF508 /* Base */,
			);
			name = LaunchScreen.storyboard;
			sourceTree = "<group>";
		};
/* End PBXVariantGroup section */

/* Begin XCBuildConfiguration section */
		89062505248093A0002EF508 /* Debug */ = {
			isa = XCBuildConfiguration;
			buildSettings = {
				ALWAYS_SEARCH_USER_PATHS = NO;
				CLANG_ANALYZER_NONNULL = YES;
				CLANG_ANALYZER_NUMBER_OBJECT_CONVERSION = YES_AGGRESSIVE;
				CLANG_CXX_LANGUAGE_STANDARD = "gnu++14";
				CLANG_CXX_LIBRARY = "libc++";
				CLANG_ENABLE_MODULES = YES;
				CLANG_ENABLE_OBJC_ARC = YES;
				CLANG_ENABLE_OBJC_WEAK = YES;
				CLANG_WARN_BLOCK_CAPTURE_AUTORELEASING = YES;
				CLANG_WARN_BOOL_CONVERSION = YES;
				CLANG_WARN_COMMA = YES;
				CLANG_WARN_CONSTANT_CONVERSION = YES;
				CLANG_WARN_DEPRECATED_OBJC_IMPLEMENTATIONS = YES;
				CLANG_WARN_DIRECT_OBJC_ISA_USAGE = YES_ERROR;
				CLANG_WARN_DOCUMENTATION_COMMENTS = YES;
				CLANG_WARN_EMPTY_BODY = YES;
				CLANG_WARN_ENUM_CONVERSION = YES;
				CLANG_WARN_INFINITE_RECURSION = YES;
				CLANG_WARN_INT_CONVERSION = YES;
				CLANG_WARN_NON_LITERAL_NULL_CONVERSION = YES;
				CLANG_WARN_OBJC_IMPLICIT_RETAIN_SELF = YES;
				CLANG_WARN_OBJC_LITERAL_CONVERSION = YES;
				CLANG_WARN_OBJC_ROOT_CLASS = YES_ERROR;
				CLANG_WARN_RANGE_LOOP_ANALYSIS = YES;
				CLANG_WARN_STRICT_PROTOTYPES = YES;
				CLANG_WARN_SUSPICIOUS_MOVE = YES;
				CLANG_WARN_UNGUARDED_AVAILABILITY = YES_AGGRESSIVE;
				CLANG_WARN_UNREACHABLE_CODE = YES;
				CLANG_WARN__DUPLICATE_METHOD_MATCH = YES;
				COPY_PHASE_STRIP = NO;
				DEBUG_INFORMATION_FORMAT = dwarf;
				ENABLE_STRICT_OBJC_MSGSEND = YES;
				ENABLE_TESTABILITY = YES;
				GCC_C_LANGUAGE_STANDARD = gnu11;
				GCC_DYNAMIC_NO_PIC = NO;
				GCC_NO_COMMON_BLOCKS = YES;
				GCC_OPTIMIZATION_LEVEL = 0;
				GCC_PREPROCESSOR_DEFINITIONS = (
					"DEBUG=1",
					"$(inherited)",
				);
				GCC_WARN_64_TO_32_BIT_CONVERSION = YES;
				GCC_WARN_ABOUT_RETURN_TYPE = YES_ERROR;
				GCC_WARN_UNDECLARED_SELECTOR = YES;
				GCC_WARN_UNINITIALIZED_AUTOS = YES_AGGRESSIVE;
				GCC_WARN_UNUSED_FUNCTION = YES;
				GCC_WARN_UNUSED_VARIABLE = YES;
				IPHONEOS_DEPLOYMENT_TARGET = 13.5;
				MTL_ENABLE_DEBUG_INFO = INCLUDE_SOURCE;
				MTL_FAST_MATH = YES;
				ONLY_ACTIVE_ARCH = YES;
				SDKROOT = iphoneos;
				SWIFT_ACTIVE_COMPILATION_CONDITIONS = DEBUG;
				SWIFT_OPTIMIZATION_LEVEL = "-Onone";
			};
			name = Debug;
		};
		89062506248093A0002EF508 /* Release */ = {
			isa = XCBuildConfiguration;
			buildSettings = {
				ALWAYS_SEARCH_USER_PATHS = NO;
				CLANG_ANALYZER_NONNULL = YES;
				CLANG_ANALYZER_NUMBER_OBJECT_CONVERSION = YES_AGGRESSIVE;
				CLANG_CXX_LANGUAGE_STANDARD = "gnu++14";
				CLANG_CXX_LIBRARY = "libc++";
				CLANG_ENABLE_MODULES = YES;
				CLANG_ENABLE_OBJC_ARC = YES;
				CLANG_ENABLE_OBJC_WEAK = YES;
				CLANG_WARN_BLOCK_CAPTURE_AUTORELEASING = YES;
				CLANG_WARN_BOOL_CONVERSION = YES;
				CLANG_WARN_COMMA = YES;
				CLANG_WARN_CONSTANT_CONVERSION = YES;
				CLANG_WARN_DEPRECATED_OBJC_IMPLEMENTATIONS = YES;
				CLANG_WARN_DIRECT_OBJC_ISA_USAGE = YES_ERROR;
				CLANG_WARN_DOCUMENTATION_COMMENTS = YES;
				CLANG_WARN_EMPTY_BODY = YES;
				CLANG_WARN_ENUM_CONVERSION = YES;
				CLANG_WARN_INFINITE_RECURSION = YES;
				CLANG_WARN_INT_CONVERSION = YES;
				CLANG_WARN_NON_LITERAL_NULL_CONVERSION = YES;
				CLANG_WARN_OBJC_IMPLICIT_RETAIN_SELF = YES;
				CLANG_WARN_OBJC_LITERAL_CONVERSION = YES;
				CLANG_WARN_OBJC_ROOT_CLASS = YES_ERROR;
				CLANG_WARN_RANGE_LOOP_ANALYSIS = YES;
				CLANG_WARN_STRICT_PROTOTYPES = YES;
				CLANG_WARN_SUSPICIOUS_MOVE = YES;
				CLANG_WARN_UNGUARDED_AVAILABILITY = YES_AGGRESSIVE;
				CLANG_WARN_UNREACHABLE_CODE = YES;
				CLANG_WARN__DUPLICATE_METHOD_MATCH = YES;
				COPY_PHASE_STRIP = NO;
				DEBUG_INFORMATION_FORMAT = "dwarf-with-dsym";
				ENABLE_NS_ASSERTIONS = NO;
				ENABLE_STRICT_OBJC_MSGSEND = YES;
				GCC_C_LANGUAGE_STANDARD = gnu11;
				GCC_NO_COMMON_BLOCKS = YES;
				GCC_WARN_64_TO_32_BIT_CONVERSION = YES;
				GCC_WARN_ABOUT_RETURN_TYPE = YES_ERROR;
				GCC_WARN_UNDECLARED_SELECTOR = YES;
				GCC_WARN_UNINITIALIZED_AUTOS = YES_AGGRESSIVE;
				GCC_WARN_UNUSED_FUNCTION = YES;
				GCC_WARN_UNUSED_VARIABLE = YES;
				IPHONEOS_DEPLOYMENT_TARGET = 13.5;
				MTL_ENABLE_DEBUG_INFO = NO;
				MTL_FAST_MATH = YES;
				SDKROOT = iphoneos;
				SWIFT_COMPILATION_MODE = wholemodule;
				SWIFT_OPTIMIZATION_LEVEL = "-O";
				VALIDATE_PRODUCT = YES;
			};
			name = Release;
		};
		89062508248093A0002EF508 /* Debug */ = {
			isa = XCBuildConfiguration;
			buildSettings = {
				ASSETCATALOG_COMPILER_APPICON_NAME = AppIcon;
				CODE_SIGN_STYLE = Automatic;
				INFOPLIST_FILE = IOS_test/Info.plist;
				LD_RUNPATH_SEARCH_PATHS = (
					"$(inherited)",
					"@executable_path/Frameworks",
				);
				PRODUCT_BUNDLE_IDENTIFIER = "com.gin.IOS-test";
				PRODUCT_NAME = "$(TARGET_NAME)";
				SWIFT_VERSION = 5.0;
				TARGETED_DEVICE_FAMILY = "1,2";
			};
			name = Debug;
		};
		89062509248093A0002EF508 /* Release */ = {
			isa = XCBuildConfiguration;
			buildSettings = {
				ASSETCATALOG_COMPILER_APPICON_NAME = AppIcon;
				CODE_SIGN_STYLE = Automatic;
				INFOPLIST_FILE = IOS_test/Info.plist;
				LD_RUNPATH_SEARCH_PATHS = (
					"$(inherited)",
					"@executable_path/Frameworks",
				);
				PRODUCT_BUNDLE_IDENTIFIER = "com.gin.IOS-test";
				PRODUCT_NAME = "$(TARGET_NAME)";
				SWIFT_VERSION = 5.0;
				TARGETED_DEVICE_FAMILY = "1,2";
			};
			name = Release;
		};
		8906250B248093A0002EF508 /* Debug */ = {
			isa = XCBuildConfiguration;
			buildSettings = {
				ALWAYS_EMBED_SWIFT_STANDARD_LIBRARIES = YES;
				BUNDLE_LOADER = "$(TEST_HOST)";
				CODE_SIGN_STYLE = Automatic;
				INFOPLIST_FILE = IOS_testTests/Info.plist;
				IPHONEOS_DEPLOYMENT_TARGET = 13.5;
				LD_RUNPATH_SEARCH_PATHS = (
					"$(inherited)",
					"@executable_path/Frameworks",
					"@loader_path/Frameworks",
				);
				PRODUCT_BUNDLE_IDENTIFIER = "com.gin.IOS-testTests";
				PRODUCT_NAME = "$(TARGET_NAME)";
				SWIFT_VERSION = 5.0;
				TARGETED_DEVICE_FAMILY = "1,2";
				TEST_HOST = "$(BUILT_PRODUCTS_DIR)/IOS_test.app/IOS_test";
			};
			name = Debug;
		};
		8906250C248093A0002EF508 /* Release */ = {
			isa = XCBuildConfiguration;
			buildSettings = {
				ALWAYS_EMBED_SWIFT_STANDARD_LIBRARIES = YES;
				BUNDLE_LOADER = "$(TEST_HOST)";
				CODE_SIGN_STYLE = Automatic;
				INFOPLIST_FILE = IOS_testTests/Info.plist;
				IPHONEOS_DEPLOYMENT_TARGET = 13.5;
				LD_RUNPATH_SEARCH_PATHS = (
					"$(inherited)",
					"@executable_path/Frameworks",
					"@loader_path/Frameworks",
				);
				PRODUCT_BUNDLE_IDENTIFIER = "com.gin.IOS-testTests";
				PRODUCT_NAME = "$(TARGET_NAME)";
				SWIFT_VERSION = 5.0;
				TARGETED_DEVICE_FAMILY = "1,2";
				TEST_HOST = "$(BUILT_PRODUCTS_DIR)/IOS_test.app/IOS_test";
			};
			name = Release;
		};
		8906250E248093A0002EF508 /* Debug */ = {
			isa = XCBuildConfiguration;
			buildSettings = {
				ALWAYS_EMBED_SWIFT_STANDARD_LIBRARIES = YES;
				CODE_SIGN_STYLE = Automatic;
				INFOPLIST_FILE = IOS_testUITests/Info.plist;
				LD_RUNPATH_SEARCH_PATHS = (
					"$(inherited)",
					"@executable_path/Frameworks",
					"@loader_path/Frameworks",
				);
				PRODUCT_BUNDLE_IDENTIFIER = "com.gin.IOS-testUITests";
				PRODUCT_NAME = "$(TARGET_NAME)";
				SWIFT_VERSION = 5.0;
				TARGETED_DEVICE_FAMILY = "1,2";
				TEST_TARGET_NAME = IOS_test;
			};
			name = Debug;
		};
		8906250F248093A0002EF508 /* Release */ = {
			isa = XCBuildConfiguration;
			buildSettings = {
				ALWAYS_EMBED_SWIFT_STANDARD_LIBRARIES = YES;
				CODE_SIGN_STYLE = Automatic;
				INFOPLIST_FILE = IOS_testUITests/Info.plist;
				LD_RUNPATH_SEARCH_PATHS = (
					"$(inherited)",
					"@executable_path/Frameworks",
					"@loader_path/Frameworks",
				);
				PRODUCT_BUNDLE_IDENTIFIER = "com.gin.IOS-testUITests";
				PRODUCT_NAME = "$(TARGET_NAME)";
				SWIFT_VERSION = 5.0;
				TARGETED_DEVICE_FAMILY = "1,2";
				TEST_TARGET_NAME = IOS_test;
			};
			name = Release;
		};
/* End XCBuildConfiguration section */

/* Begin XCConfigurationList section */
		890624D82480939F002EF508 /* Build configuration list for PBXProject "IOS_test" */ = {
			isa = XCConfigurationList;
			buildConfigurations = (
				89062505248093A0002EF508 /* Debug */,
				89062506248093A0002EF508 /* Release */,
			);
			defaultConfigurationIsVisible = 0;
			defaultConfigurationName = Release;
		};
		89062507248093A0002EF508 /* Build configuration list for PBXNativeTarget "IOS_test" */ = {
			isa = XCConfigurationList;
			buildConfigurations = (
				89062508248093A0002EF508 /* Debug */,
				89062509248093A0002EF508 /* Release */,
			);
			defaultConfigurationIsVisible = 0;
			defaultConfigurationName = Release;
		};
		8906250A248093A0002EF508 /* Build configuration list for PBXNativeTarget "IOS_testTests" */ = {
			isa = XCConfigurationList;
			buildConfigurations = (
				8906250B248093A0002EF508 /* Debug */,
				8906250C248093A0002EF508 /* Release */,
			);
			defaultConfigurationIsVisible = 0;
			defaultConfigurationName = Release;
		};
		8906250D248093A0002EF508 /* Build configuration list for PBXNativeTarget "IOS_testUITests" */ = {
			isa = XCConfigurationList;
			buildConfigurations = (
				8906250E248093A0002EF508 /* Debug */,
				8906250F248093A0002EF508 /* Release */,
			);
			defaultConfigurationIsVisible = 0;
			defaultConfigurationName = Release;
		};
/* End XCConfigurationList section */
	};
	rootObject = 890624D52480939F002EF508 /* Project object */;
}
